
Microsoft Visual Studio Solution File, Format Version 12.00
# Visual Studio Version 17
VisualStudioVersion = 17.6.33815.320
MinimumVisualStudioVersion = 10.0.40219.1
Project("{FAE04EC0-301F-11D3-BF4B-00C04F79EFBC}") = "WafflesOneLove", "WafflesOneLove\WafflesOneLove.csproj", "{FF86DF34-01D9-4E51-8E88-FAFA10727B7C}"
EndProject
Project("{FAE04EC0-301F-11D3-BF4B-00C04F79EFBC}") = "Service", "Service\Service.csproj", "{D50E1EC1-A86C-43DD-9FD1-59D2BFECDCE0}"
EndProject
Project("{FAE04EC0-301F-11D3-BF4B-00C04F79EFBC}") = "Data", "Data\Data.csproj", "{427E2E54-F65B-490A-84EB-A0897B4737D0}"
EndProject
Project("{FAE04EC0-301F-11D3-BF4B-00C04F79EFBC}") = "Common", "Common\Common.csproj", "{763BD10F-1D6E-4141-9B72-A3401BF60A42}"
EndProject
Global
	GlobalSection(SolutionConfigurationPlatforms) = preSolution
		Debug|Any CPU = Debug|Any CPU
		Release|Any CPU = Release|Any CPU
	EndGlobalSection
	GlobalSection(ProjectConfigurationPlatforms) = postSolution
		{FF86DF34-01D9-4E51-8E88-FAFA10727B7C}.Debug|Any CPU.ActiveCfg = Debug|Any CPU
		{FF86DF34-01D9-4E51-8E88-FAFA10727B7C}.Debug|Any CPU.Build.0 = Debug|Any CPU
		{FF86DF34-01D9-4E51-8E88-FAFA10727B7C}.Release|Any CPU.ActiveCfg = Release|Any CPU
		{FF86DF34-01D9-4E51-8E88-FAFA10727B7C}.Release|Any CPU.Build.0 = Release|Any CPU
		{D50E1EC1-A86C-43DD-9FD1-59D2BFECDCE0}.Debug|Any CPU.ActiveCfg = Debug|Any CPU
		{D50E1EC1-A86C-43DD-9FD1-59D2BFECDCE0}.Debug|Any CPU.Build.0 = Debug|Any CPU
		{D50E1EC1-A86C-43DD-9FD1-59D2BFECDCE0}.Release|Any CPU.ActiveCfg = Release|Any CPU
		{D50E1EC1-A86C-43DD-9FD1-59D2BFECDCE0}.Release|Any CPU.Build.0 = Release|Any CPU
		{427E2E54-F65B-490A-84EB-A0897B4737D0}.Debug|Any CPU.ActiveCfg = Debug|Any CPU
		{427E2E54-F65B-490A-84EB-A0897B4737D0}.Debug|Any CPU.Build.0 = Debug|Any CPU
		{427E2E54-F65B-490A-84EB-A0897B4737D0}.Release|Any CPU.ActiveCfg = Release|Any CPU
		{427E2E54-F65B-490A-84EB-A0897B4737D0}.Release|Any CPU.Build.0 = Release|Any CPU
		{763BD10F-1D6E-4141-9B72-A3401BF60A42}.Debug|Any CPU.ActiveCfg = Debug|Any CPU
		{763BD10F-1D6E-4141-9B72-A3401BF60A42}.Debug|Any CPU.Build.0 = Debug|Any CPU
		{763BD10F-1D6E-4141-9B72-A3401BF60A42}.Release|Any CPU.ActiveCfg = Release|Any CPU
		{763BD10F-1D6E-4141-9B72-A3401BF60A42}.Release|Any CPU.Build.0 = Release|Any CPU
	EndGlobalSection
	GlobalSection(SolutionProperties) = preSolution
		HideSolutionNode = FALSE
	EndGlobalSection
	GlobalSection(ExtensibilityGlobals) = postSolution
		SolutionGuid = {B5802E8E-325D-4827-AAE5-CDE3DF80498A}
	EndGlobalSection
EndGlobal
